// !$*UTF8*$!
{
	archiveVersion = 1;
	classes = {
	};
	objectVersion = 46;
	objects = {

/* Begin PBXBuildFile section */
		F684C6E51C57377A004BB5CB /* AppDelegate.swift in Sources */ = {isa = PBXBuildFile; fileRef = F684C6E41C57377A004BB5CB /* AppDelegate.swift */; };
		F684C6E71C57377A004BB5CB /* ViewController.swift in Sources */ = {isa = PBXBuildFile; fileRef = F684C6E61C57377A004BB5CB /* ViewController.swift */; };
		F684C6EA1C57377A004BB5CB /* Main.storyboard in Resources */ = {isa = PBXBuildFile; fileRef = F684C6E81C57377A004BB5CB /* Main.storyboard */; };
		F684C6EC1C57377A004BB5CB /* Assets.xcassets in Resources */ = {isa = PBXBuildFile; fileRef = F684C6EB1C57377A004BB5CB /* Assets.xcassets */; };
		F684C6EF1C57377A004BB5CB /* LaunchScreen.storyboard in Resources */ = {isa = PBXBuildFile; fileRef = F684C6ED1C57377A004BB5CB /* LaunchScreen.storyboard */; };
		F684C6F71C573A3D004BB5CB /* pokemon.csv in Resources */ = {isa = PBXBuildFile; fileRef = F684C6F61C573A3D004BB5CB /* pokemon.csv */; };
/* End PBXBuildFile section */

/* Begin PBXFileReference section */
		F684C6E11C57377A004BB5CB /* pokedex.app */ = {isa = PBXFileReference; explicitFileType = wrapper.application; includeInIndex = 0; path = pokedex.app; sourceTree = BUILT_PRODUCTS_DIR; };
		F684C6E41C57377A004BB5CB /* AppDelegate.swift */ = {isa = PBXFileReference; lastKnownFileType = sourcecode.swift; path = AppDelegate.swift; sourceTree = "<group>"; };
		F684C6E61C57377A004BB5CB /* ViewController.swift */ = {isa = PBXFileReference; lastKnownFileType = sourcecode.swift; path = ViewController.swift; sourceTree = "<group>"; };
		F684C6E91C57377A004BB5CB /* Base */ = {isa = PBXFileReference; lastKnownFileType = file.storyboard; name = Base; path = Base.lproj/Main.storyboard; sourceTree = "<group>"; };
		F684C6EB1C57377A004BB5CB /* Assets.xcassets */ = {isa = PBXFileReference; lastKnownFileType = folder.assetcatalog; path = Assets.xcassets; sourceTree = "<group>"; };
		F684C6EE1C57377A004BB5CB /* Base */ = {isa = PBXFileReference; lastKnownFileType = file.storyboard; name = Base; path = Base.lproj/LaunchScreen.storyboard; sourceTree = "<group>"; };
		F684C6F01C57377A004BB5CB /* Info.plist */ = {isa = PBXFileReference; lastKnownFileType = text.plist.xml; path = Info.plist; sourceTree = "<group>"; };
		F684C6F61C573A3D004BB5CB /* pokemon.csv */ = {isa = PBXFileReference; fileEncoding = 4; lastKnownFileType = text; path = pokemon.csv; sourceTree = "<group>"; };
/* End PBXFileReference section */

/* Begin PBXFrameworksBuildPhase section */
		F684C6DE1C57377A004BB5CB /* Frameworks */ = {
			isa = PBXFrameworksBuildPhase;
			buildActionMask = 2147483647;
			files = (
			);
			runOnlyForDeploymentPostprocessing = 0;
		};
/* End PBXFrameworksBuildPhase section */

/* Begin PBXGroup section */
		F684C6D81C573779004BB5CB = {
			isa = PBXGroup;
			children = (
				F684C6E31C57377A004BB5CB /* pokedex */,
				F684C6E21C57377A004BB5CB /* Products */,
			);
			sourceTree = "<group>";
		};
		F684C6E21C57377A004BB5CB /* Products */ = {
			isa = PBXGroup;
			children = (
				F684C6E11C57377A004BB5CB /* pokedex.app */,
			);
			name = Products;
			sourceTree = "<group>";
		};
		F684C6E31C57377A004BB5CB /* pokedex */ = {
			isa = PBXGroup;
			children = (
				F684C6E41C57377A004BB5CB /* AppDelegate.swift */,
				F684C6E61C57377A004BB5CB /* ViewController.swift */,
				F684C6F61C573A3D004BB5CB /* pokemon.csv */,
				F684C6E81C57377A004BB5CB /* Main.storyboard */,
				F684C6EB1C57377A004BB5CB /* Assets.xcassets */,
				F684C6ED1C57377A004BB5CB /* LaunchScreen.storyboard */,
				F684C6F01C57377A004BB5CB /* Info.plist */,
			);
			path = pokedex;
			sourceTree = "<group>";
		};
/* End PBXGroup section */

/* Begin PBXNativeTarget section */
		F684C6E01C57377A004BB5CB /* pokedex */ = {
			isa = PBXNativeTarget;
			buildConfigurationList = F684C6F31C57377A004BB5CB /* Build configuration list for PBXNativeTarget "pokedex" */;
			buildPhases = (
				F684C6DD1C57377A004BB5CB /* Sources */,
				F684C6DE1C57377A004BB5CB /* Frameworks */,
				F684C6DF1C57377A004BB5CB /* Resources */,
			);
			buildRules = (
			);
			dependencies = (
			);
			name = pokedex;
			productName = pokedex;
			productReference = F684C6E11C57377A004BB5CB /* pokedex.app */;
			productType = "com.apple.product-type.application";
		};
/* End PBXNativeTarget section */

/* Begin PBXProject section */
		F684C6D91C573779004BB5CB /* Project object */ = {
			isa = PBXProject;
			attributes = {
				LastSwiftUpdateCheck = 0720;
				LastUpgradeCheck = 0720;
				ORGANIZATIONNAME = "makena ";
				TargetAttributes = {
					F684C6E01C57377A004BB5CB = {
						CreatedOnToolsVersion = 7.2;
					};
				};
			};
			buildConfigurationList = F684C6DC1C573779004BB5CB /* Build configuration list for PBXProject "pokedex" */;
			compatibilityVersion = "Xcode 3.2";
			developmentRegion = English;
			hasScannedForEncodings = 0;
			knownRegions = (
				en,
				Base,
			);
			mainGroup = F684C6D81C573779004BB5CB;
			productRefGroup = F684C6E21C57377A004BB5CB /* Products */;
			projectDirPath = "";
			projectRoot = "";
			targets = (
				F684C6E01C57377A004BB5CB /* pokedex */,
			);
		};
/* End PBXProject section */

/* Begin PBXResourcesBuildPhase section */
		F684C6DF1C57377A004BB5CB /* Resources */ = {
			isa = PBXResourcesBuildPhase;
			buildActionMask = 2147483647;
			files = (
				F684C6EF1C57377A004BB5CB /* LaunchScreen.storyboard in Resources */,
				F684C6EC1C57377A004BB5CB /* Assets.xcassets in Resources */,
				F684C6F71C573A3D004BB5CB /* pokemon.csv in Resources */,
				F684C6EA1C57377A004BB5CB /* Main.storyboard in Resources */,
			);
			runOnlyForDeploymentPostprocessing = 0;
		};
/* End PBXResourcesBuildPhase section */

/* Begin PBXSourcesBuildPhase section */
		F684C6DD1C57377A004BB5CB /* Sources */ = {
			isa = PBXSourcesBuildPhase;
			buildActionMask = 2147483647;
			files = (
				F684C6E71C57377A004BB5CB /* ViewController.swift in Sources */,
				F684C6E51C57377A004BB5CB /* AppDelegate.swift in Sources */,
			);
			runOnlyForDeploymentPostprocessing = 0;
		};
/* End PBXSourcesBuildPhase section */

/* Begin PBXVariantGroup section */
		F684C6E81C57377A004BB5CB /* Main.storyboard */ = {
			isa = PBXVariantGroup;
			children = (
				F684C6E91C57377A004BB5CB /* Base */,
			);
			name = Main.storyboard;
			sourceTree = "<group>";
		};
		F684C6ED1C57377A004BB5CB /* LaunchScreen.storyboard */ = {
			isa = PBXVariantGroup;
			children = (
				F684C6EE1C57377A004BB5CB /* Base */,
			);
			name = LaunchScreen.storyboard;
			sourceTree = "<group>";
		};
/* End PBXVariantGroup section */

/* Begin XCBuildConfiguration section */
		F684C6F11C57377A004BB5CB /* Debug */ = {
			isa = XCBuildConfiguration;
			buildSettings = {
				ALWAYS_SEARCH_USER_PATHS = NO;
				CLANG_CXX_LANGUAGE_STANDARD = "gnu++0x";
				CLANG_CXX_LIBRARY = "libc++";
				CLANG_ENABLE_MODULES = YES;
				CLANG_ENABLE_OBJC_ARC = YES;
				CLANG_WARN_BOOL_CONVERSION = YES;
				CLANG_WARN_CONSTANT_CONVERSION = YES;
				CLANG_WARN_DIRECT_OBJC_ISA_USAGE = YES_ERROR;
				CLANG_WARN_EMPTY_BODY = YES;
				CLANG_WARN_ENUM_CONVERSION = YES;
				CLANG_WARN_INT_CONVERSION = YES;
				CLANG_WARN_OBJC_ROOT_CLASS = YES_ERROR;
				CLANG_WARN_UNREACHABLE_CODE = YES;
				CLANG_WARN__DUPLICATE_METHOD_MATCH = YES;
				"CODE_SIGN_IDENTITY[sdk=iphoneos*]" = "iPhone Developer";
				COPY_PHASE_STRIP = NO;
				DEBUG_INFORMATION_FORMAT = dwarf;
				ENABLE_STRICT_OBJC_MSGSEND = YES;
				ENABLE_TESTABILITY = YES;
				GCC_C_LANGUAGE_STANDARD = gnu99;
				GCC_DYNAMIC_NO_PIC = NO;
				GCC_NO_COMMON_BLOCKS = YES;
				GCC_OPTIMIZATION_LEVEL = 0;
				GCC_PREPROCESSOR_DEFINITIONS = (
					"DEBUG=1",
					"$(inherited)",
				);
				GCC_WARN_64_TO_32_BIT_CONVERSION = YES;
				GCC_WARN_ABOUT_RETURN_TYPE = YES_ERROR;
				GCC_WARN_UNDECLARED_SELECTOR = YES;
				GCC_WARN_UNINITIALIZED_AUTOS = YES_AGGRESSIVE;
				GCC_WARN_UNUSED_FUNCTION = YES;
				GCC_WARN_UNUSED_VARIABLE = YES;
				IPHONEOS_DEPLOYMENT_TARGET = 9.2;
				MTL_ENABLE_DEBUG_INFO = YES;
				ONLY_ACTIVE_ARCH = YES;
				SDKROOT = iphoneos;
				SWIFT_OPTIMIZATION_LEVEL = "-Onone";
			};
			name = Debug;
		};
		F684C6F21C57377A004BB5CB /* Release */ = {
			isa = XCBuildConfiguration;
			buildSettings = {
				ALWAYS_SEARCH_USER_PATHS = NO;
				CLANG_CXX_LANGUAGE_STANDARD = "gnu++0x";
				CLANG_CXX_LIBRARY = "libc++";
				CLANG_ENABLE_MODULES = YES;
				CLANG_ENABLE_OBJC_ARC = YES;
				CLANG_WARN_BOOL_CONVERSION = YES;
				CLANG_WARN_CONSTANT_CONVERSION = YES;
				CLANG_WARN_DIRECT_OBJC_ISA_USAGE = YES_ERROR;
				CLANG_WARN_EMPTY_BODY = YES;
				CLANG_WARN_ENUM_CONVERSION = YES;
				CLANG_WARN_INT_CONVERSION = YES;
				CLANG_WARN_OBJC_ROOT_CLASS = YES_ERROR;
				CLANG_WARN_UNREACHABLE_CODE = YES;
				CLANG_WARN__DUPLICATE_METHOD_MATCH = YES;
				"CODE_SIGN_IDENTITY[sdk=iphoneos*]" = "iPhone Developer";
				COPY_PHASE_STRIP = NO;
				DEBUG_INFORMATION_FORMAT = "dwarf-with-dsym";
				ENABLE_NS_ASSERTIONS = NO;
				ENABLE_STRICT_OBJC_MSGSEND = YES;
				GCC_C_LANGUAGE_STANDARD = gnu99;
				GCC_NO_COMMON_BLOCKS = YES;
				GCC_WARN_64_TO_32_BIT_CONVERSION = YES;
				GCC_WARN_ABOUT_RETURN_TYPE = YES_ERROR;
				GCC_WARN_UNDECLARED_SELECTOR = YES;
				GCC_WARN_UNINITIALIZED_AUTOS = YES_AGGRESSIVE;
				GCC_WARN_UNUSED_FUNCTION = YES;
				GCC_WARN_UNUSED_VARIABLE = YES;
				IPHONEOS_DEPLOYMENT_TARGET = 9.2;
				MTL_ENABLE_DEBUG_INFO = NO;
				SDKROOT = iphoneos;
				VALIDATE_PRODUCT = YES;
			};
			name = Release;
		};
		F684C6F41C57377A004BB5CB /* Debug */ = {
			isa = XCBuildConfiguration;
			buildSettings = {
				ASSETCATALOG_COMPILER_APPICON_NAME = AppIcon;
				INFOPLIST_FILE = pokedex/Info.plist;
				LD_RUNPATH_SEARCH_PATHS = "$(inherited) @executable_path/Frameworks";
				PRODUCT_BUNDLE_IDENTIFIER = makenawalsh.pokedex;
				PRODUCT_NAME = "$(TARGET_NAME)";
			};
			name = Debug;
		};
		F684C6F51C57377A004BB5CB /* Release */ = {
			isa = XCBuildConfiguration;
			buildSettings = {
				ASSETCATALOG_COMPILER_APPICON_NAME = AppIcon;
				INFOPLIST_FILE = pokedex/Info.plist;
				LD_RUNPATH_SEARCH_PATHS = "$(inherited) @executable_path/Frameworks";
				PRODUCT_BUNDLE_IDENTIFIER = makenawalsh.pokedex;
				PRODUCT_NAME = "$(TARGET_NAME)";
			};
			name = Release;
		};
/* End XCBuildConfiguration section */

/* Begin XCConfigurationList section */
		F684C6DC1C573779004BB5CB /* Build configuration list for PBXProject "pokedex" */ = {
			isa = XCConfigurationList;
			buildConfigurations = (
				F684C6F11C57377A004BB5CB /* Debug */,
				F684C6F21C57377A004BB5CB /* Release */,
			);
			defaultConfigurationIsVisible = 0;
			defaultConfigurationName = Release;
		};
		F684C6F31C57377A004BB5CB /* Build configuration list for PBXNativeTarget "pokedex" */ = {
			isa = XCConfigurationList;
			buildConfigurations = (
				F684C6F41C57377A004BB5CB /* Debug */,
				F684C6F51C57377A004BB5CB /* Release */,
			);
			defaultConfigurationIsVisible = 0;
		};
/* End XCConfigurationList section */
	};
	rootObject = F684C6D91C573779004BB5CB /* Project object */;
}
